// !$*UTF8*$!
{
	archiveVersion = 1;
	classes = {
	};
	objectVersion = 46;
	objects = {

/* Begin PBXBuildFile section */
		42B9CCDE1B56A0180033CA66 /* LSCHeadView.m in Sources */ = {isa = PBXBuildFile; fileRef = 42B9CCDD1B56A0180033CA66 /* LSCHeadView.m */; };
		42C761E01B56CF51004D2C96 /* LSCMineToolBar.m in Sources */ = {isa = PBXBuildFile; fileRef = 42C761DF1B56CF51004D2C96 /* LSCMineToolBar.m */; };
		42CCBD2A1B54CCAD00F2367C /* LSCAboutController.m in Sources */ = {isa = PBXBuildFile; fileRef = 42CCBD261B54CCAD00F2367C /* LSCAboutController.m */; };
		42CCBD2B1B54CCAD00F2367C /* LSCServiceController.m in Sources */ = {isa = PBXBuildFile; fileRef = 42CCBD271B54CCAD00F2367C /* LSCServiceController.m */; };
		42CCBD2C1B54CCAD00F2367C /* LSCSettingController.m in Sources */ = {isa = PBXBuildFile; fileRef = 42CCBD281B54CCAD00F2367C /* LSCSettingController.m */; };
		42CCBD2D1B54CCAD00F2367C /* LSCVersionsController.m in Sources */ = {isa = PBXBuildFile; fileRef = 42CCBD291B54CCAD00F2367C /* LSCVersionsController.m */; };
		42CCBD3B1B54CEF200F2367C /* LSCSettingArrowItem.m in Sources */ = {isa = PBXBuildFile; fileRef = 42CCBD341B54CEF200F2367C /* LSCSettingArrowItem.m */; };
		42CCBD3C1B54CEF200F2367C /* LSCSettingCell.m in Sources */ = {isa = PBXBuildFile; fileRef = 42CCBD361B54CEF200F2367C /* LSCSettingCell.m */; };
		42CCBD3D1B54CEF200F2367C /* LSCSettingGroup.m in Sources */ = {isa = PBXBuildFile; fileRef = 42CCBD381B54CEF200F2367C /* LSCSettingGroup.m */; };
		42CCBD3E1B54CEF200F2367C /* LSCSettingItem.m in Sources */ = {isa = PBXBuildFile; fileRef = 42CCBD3A1B54CEF200F2367C /* LSCSettingItem.m */; };
		42CCBD411B54CFB100F2367C /* LSCBaseTableViewController.m in Sources */ = {isa = PBXBuildFile; fileRef = 42CCBD401B54CFB100F2367C /* LSCBaseTableViewController.m */; };
		770AC33A1B54BAFF00D63F05 /* QCProductTagButton.m in Sources */ = {isa = PBXBuildFile; fileRef = 770AC3391B54BAFF00D63F05 /* QCProductTagButton.m */; };
		770AC3401B54BDCB00D63F05 /* QCNavigationController.m in Sources */ = {isa = PBXBuildFile; fileRef = 770AC33F1B54BDCB00D63F05 /* QCNavigationController.m */; };
		773F4E831B56426200405107 /* QCThingsShowViewController.m in Sources */ = {isa = PBXBuildFile; fileRef = 773F4E821B56426200405107 /* QCThingsShowViewController.m */; };
		77438D001B52CBFD00192AFF /* main.m in Sources */ = {isa = PBXBuildFile; fileRef = 77438CFF1B52CBFD00192AFF /* main.m */; };
		77438D0B1B52CBFD00192AFF /* Images.xcassets in Resources */ = {isa = PBXBuildFile; fileRef = 77438D0A1B52CBFD00192AFF /* Images.xcassets */; };
		77438D1A1B52CBFD00192AFF /* Favorite_ThingsTests.m in Sources */ = {isa = PBXBuildFile; fileRef = 77438D191B52CBFD00192AFF /* Favorite_ThingsTests.m */; };
		77438D401B52CEC000192AFF /* AppDelegate.m in Sources */ = {isa = PBXBuildFile; fileRef = 77438D321B52CEC000192AFF /* AppDelegate.m */; };
		7767BCE31B53B9CD0004AAE7 /* AFHTTPRequestOperation.m in Sources */ = {isa = PBXBuildFile; fileRef = 7767BCD11B53B9CD0004AAE7 /* AFHTTPRequestOperation.m */; };
		7767BCE41B53B9CD0004AAE7 /* AFHTTPRequestOperationManager.m in Sources */ = {isa = PBXBuildFile; fileRef = 7767BCD31B53B9CD0004AAE7 /* AFHTTPRequestOperationManager.m */; };
		7767BCE51B53B9CD0004AAE7 /* AFHTTPSessionManager.m in Sources */ = {isa = PBXBuildFile; fileRef = 7767BCD51B53B9CD0004AAE7 /* AFHTTPSessionManager.m */; };
		7767BCE61B53B9CD0004AAE7 /* AFNetworkReachabilityManager.m in Sources */ = {isa = PBXBuildFile; fileRef = 7767BCD81B53B9CD0004AAE7 /* AFNetworkReachabilityManager.m */; };
		7767BCE71B53B9CD0004AAE7 /* AFSecurityPolicy.m in Sources */ = {isa = PBXBuildFile; fileRef = 7767BCDA1B53B9CD0004AAE7 /* AFSecurityPolicy.m */; };
		7767BCE81B53B9CD0004AAE7 /* AFURLConnectionOperation.m in Sources */ = {isa = PBXBuildFile; fileRef = 7767BCDC1B53B9CD0004AAE7 /* AFURLConnectionOperation.m */; };
		7767BCE91B53B9CD0004AAE7 /* AFURLRequestSerialization.m in Sources */ = {isa = PBXBuildFile; fileRef = 7767BCDE1B53B9CD0004AAE7 /* AFURLRequestSerialization.m */; };
		7767BCEA1B53B9CD0004AAE7 /* AFURLResponseSerialization.m in Sources */ = {isa = PBXBuildFile; fileRef = 7767BCE01B53B9CD0004AAE7 /* AFURLResponseSerialization.m */; };
		7767BCEB1B53B9CD0004AAE7 /* AFURLSessionManager.m in Sources */ = {isa = PBXBuildFile; fileRef = 7767BCE21B53B9CD0004AAE7 /* AFURLSessionManager.m */; };
		7767BCED1B53BAF70004AAE7 /* Foundation+Log.m in Sources */ = {isa = PBXBuildFile; fileRef = 7767BCEC1B53BAF70004AAE7 /* Foundation+Log.m */; };
		7767BCF01B53BCF30004AAE7 /* QCProduct.m in Sources */ = {isa = PBXBuildFile; fileRef = 7767BCEF1B53BCF30004AAE7 /* QCProduct.m */; };
		7767BCF31B53BD280004AAE7 /* QCCategories.m in Sources */ = {isa = PBXBuildFile; fileRef = 7767BCF21B53BD280004AAE7 /* QCCategories.m */; };
		7767BCF61B53BD3D0004AAE7 /* QCUploadUser.m in Sources */ = {isa = PBXBuildFile; fileRef = 7767BCF51B53BD3D0004AAE7 /* QCUploadUser.m */; };
		7767BD091B53BF0F0004AAE7 /* MJConst.m in Sources */ = {isa = PBXBuildFile; fileRef = 7767BCF91B53BF0F0004AAE7 /* MJConst.m */; };
		7767BD0A1B53BF0F0004AAE7 /* MJFoundation.m in Sources */ = {isa = PBXBuildFile; fileRef = 7767BCFC1B53BF0F0004AAE7 /* MJFoundation.m */; };
		7767BD0B1B53BF0F0004AAE7 /* MJProperty.m in Sources */ = {isa = PBXBuildFile; fileRef = 7767BCFE1B53BF0F0004AAE7 /* MJProperty.m */; };
		7767BD0C1B53BF0F0004AAE7 /* MJType.m in Sources */ = {isa = PBXBuildFile; fileRef = 7767BD001B53BF0F0004AAE7 /* MJType.m */; };
		7767BD0D1B53BF0F0004AAE7 /* NSObject+MJCoding.m in Sources */ = {isa = PBXBuildFile; fileRef = 7767BD021B53BF0F0004AAE7 /* NSObject+MJCoding.m */; };
		7767BD0E1B53BF0F0004AAE7 /* NSObject+MJKeyValue.m in Sources */ = {isa = PBXBuildFile; fileRef = 7767BD041B53BF0F0004AAE7 /* NSObject+MJKeyValue.m */; };
		7767BD0F1B53BF0F0004AAE7 /* NSObject+MJProperty.m in Sources */ = {isa = PBXBuildFile; fileRef = 7767BD061B53BF0F0004AAE7 /* NSObject+MJProperty.m */; };
		7767BD101B53BF0F0004AAE7 /* NSString+MJExtension.m in Sources */ = {isa = PBXBuildFile; fileRef = 7767BD081B53BF0F0004AAE7 /* NSString+MJExtension.m */; };
		7767BD361B53C40B0004AAE7 /* MKAnnotationView+WebCache.m in Sources */ = {isa = PBXBuildFile; fileRef = 7767BD161B53C40B0004AAE7 /* MKAnnotationView+WebCache.m */; };
		7767BD371B53C40B0004AAE7 /* NSData+ImageContentType.m in Sources */ = {isa = PBXBuildFile; fileRef = 7767BD181B53C40B0004AAE7 /* NSData+ImageContentType.m */; };
		7767BD381B53C40B0004AAE7 /* SDImageCache.m in Sources */ = {isa = PBXBuildFile; fileRef = 7767BD1A1B53C40B0004AAE7 /* SDImageCache.m */; };
		7767BD391B53C40B0004AAE7 /* SDWebImageCompat.m in Sources */ = {isa = PBXBuildFile; fileRef = 7767BD1C1B53C40B0004AAE7 /* SDWebImageCompat.m */; };
		7767BD3A1B53C40B0004AAE7 /* SDWebImageDecoder.m in Sources */ = {isa = PBXBuildFile; fileRef = 7767BD1E1B53C40B0004AAE7 /* SDWebImageDecoder.m */; };
		7767BD3B1B53C40B0004AAE7 /* SDWebImageDownloader.m in Sources */ = {isa = PBXBuildFile; fileRef = 7767BD201B53C40B0004AAE7 /* SDWebImageDownloader.m */; };
		7767BD3C1B53C40B0004AAE7 /* SDWebImageDownloaderOperation.m in Sources */ = {isa = PBXBuildFile; fileRef = 7767BD221B53C40B0004AAE7 /* SDWebImageDownloaderOperation.m */; };
		7767BD3D1B53C40B0004AAE7 /* SDWebImageManager.m in Sources */ = {isa = PBXBuildFile; fileRef = 7767BD241B53C40B0004AAE7 /* SDWebImageManager.m */; };
		7767BD3E1B53C40B0004AAE7 /* SDWebImagePrefetcher.m in Sources */ = {isa = PBXBuildFile; fileRef = 7767BD271B53C40B0004AAE7 /* SDWebImagePrefetcher.m */; };
		7767BD3F1B53C40B0004AAE7 /* UIButton+WebCache.m in Sources */ = {isa = PBXBuildFile; fileRef = 7767BD291B53C40B0004AAE7 /* UIButton+WebCache.m */; };
		7767BD401B53C40B0004AAE7 /* UIImage+GIF.m in Sources */ = {isa = PBXBuildFile; fileRef = 7767BD2B1B53C40B0004AAE7 /* UIImage+GIF.m */; };
		7767BD411B53C40B0004AAE7 /* UIImage+MultiFormat.m in Sources */ = {isa = PBXBuildFile; fileRef = 7767BD2D1B53C40B0004AAE7 /* UIImage+MultiFormat.m */; };
		7767BD421B53C40B0004AAE7 /* UIImage+WebP.m in Sources */ = {isa = PBXBuildFile; fileRef = 7767BD2F1B53C40B0004AAE7 /* UIImage+WebP.m */; };
		7767BD431B53C40B0004AAE7 /* UIImageView+HighlightedWebCache.m in Sources */ = {isa = PBXBuildFile; fileRef = 7767BD311B53C40B0004AAE7 /* UIImageView+HighlightedWebCache.m */; };
		7767BD441B53C40B0004AAE7 /* UIImageView+WebCache.m in Sources */ = {isa = PBXBuildFile; fileRef = 7767BD331B53C40B0004AAE7 /* UIImageView+WebCache.m */; };
		7767BD451B53C40B0004AAE7 /* UIView+WebCacheOperation.m in Sources */ = {isa = PBXBuildFile; fileRef = 7767BD351B53C40B0004AAE7 /* UIView+WebCacheOperation.m */; };
		7795CC321B534040001CB10E /* QCTabBarViewController.m in Sources */ = {isa = PBXBuildFile; fileRef = 7795CC311B534040001CB10E /* QCTabBarViewController.m */; };
		7795CC351B5340DD001CB10E /* QCDiscoverViewController.m in Sources */ = {isa = PBXBuildFile; fileRef = 7795CC341B5340DD001CB10E /* QCDiscoverViewController.m */; };
		7795CC381B534104001CB10E /* QCCategoryViewController.m in Sources */ = {isa = PBXBuildFile; fileRef = 7795CC371B534104001CB10E /* QCCategoryViewController.m */; };
		7795CC3B1B534123001CB10E /* QCUploadViewController.m in Sources */ = {isa = PBXBuildFile; fileRef = 7795CC3A1B534123001CB10E /* QCUploadViewController.m */; };
		7795CC3E1B53413B001CB10E /* QCNotificationViewController.m in Sources */ = {isa = PBXBuildFile; fileRef = 7795CC3D1B53413B001CB10E /* QCNotificationViewController.m */; };
		7795CC411B534189001CB10E /* QCMineViewController.m in Sources */ = {isa = PBXBuildFile; fileRef = 7795CC401B534189001CB10E /* QCMineViewController.m */; };
		779E18981B53583D00593A05 /* QCTabBar.m in Sources */ = {isa = PBXBuildFile; fileRef = 779E18971B53583D00593A05 /* QCTabBar.m */; };
		779E189C1B5358B300593A05 /* UIView+Extend.m in Sources */ = {isa = PBXBuildFile; fileRef = 779E189B1B5358B300593A05 /* UIView+Extend.m */; };
		77A322AA1B565DBB002B10A8 /* QCThingsCell.m in Sources */ = {isa = PBXBuildFile; fileRef = 77A322A81B565DBB002B10A8 /* QCThingsCell.m */; };
		77A322AB1B565DBB002B10A8 /* QCThingsCell.xib in Resources */ = {isa = PBXBuildFile; fileRef = 77A322A91B565DBB002B10A8 /* QCThingsCell.xib */; };
		77A322B31B5676EA002B10A8 /* SVIndefiniteAnimatedView.m in Sources */ = {isa = PBXBuildFile; fileRef = 77A322AE1B5676EA002B10A8 /* SVIndefiniteAnimatedView.m */; };
		77A322B41B5676EA002B10A8 /* SVProgressHUD.bundle in Resources */ = {isa = PBXBuildFile; fileRef = 77A322B01B5676EA002B10A8 /* SVProgressHUD.bundle */; };
		77A322B51B5676EA002B10A8 /* SVProgressHUD.m in Sources */ = {isa = PBXBuildFile; fileRef = 77A322B21B5676EA002B10A8 /* SVProgressHUD.m */; };
		77A322B71B5685BD002B10A8 /* product.plist in Resources */ = {isa = PBXBuildFile; fileRef = 77A322B61B5685BD002B10A8 /* product.plist */; };
		77A322BB1B5697A7002B10A8 /* UINavigationController+FDFullscreenPopGesture.m in Sources */ = {isa = PBXBuildFile; fileRef = 77A322BA1B5697A7002B10A8 /* UINavigationController+FDFullscreenPopGesture.m */; };
		77A6248A1B5759D6002F593F /* QCCategoryCell.m in Sources */ = {isa = PBXBuildFile; fileRef = 77A624881B5759D6002F593F /* QCCategoryCell.m */; };
		77A6248B1B5759D6002F593F /* QCCategoryCell.xib in Resources */ = {isa = PBXBuildFile; fileRef = 77A624891B5759D6002F593F /* QCCategoryCell.xib */; };
		77C2C67C1B5369CC001BC2F3 /* QCProductCell.m in Sources */ = {isa = PBXBuildFile; fileRef = 77C2C67B1B5369CC001BC2F3 /* QCProductCell.m */; };
		77C2C67F1B536E23001BC2F3 /* QCProductToolBar.m in Sources */ = {isa = PBXBuildFile; fileRef = 77C2C67E1B536E23001BC2F3 /* QCProductToolBar.m */; };
		77C2C6821B537F36001BC2F3 /* NSString+extend.m in Sources */ = {isa = PBXBuildFile; fileRef = 77C2C6811B537F36001BC2F3 /* NSString+extend.m */; };
		77C2E6F21B551AB1006547BC /* QCProductDescControllerViewController.m in Sources */ = {isa = PBXBuildFile; fileRef = 77C2E6F11B551AB1006547BC /* QCProductDescControllerViewController.m */; };
		77F1B53A1B5553190004949C /* SecurityStrategy.m in Sources */ = {isa = PBXBuildFile; fileRef = 77F1B5371B5553190004949C /* SecurityStrategy.m */; };
		77F1B53B1B5553190004949C /* UIImage+BlurGlass.m in Sources */ = {isa = PBXBuildFile; fileRef = 77F1B5391B5553190004949C /* UIImage+BlurGlass.m */; };
/* End PBXBuildFile section */

/* Begin PBXContainerItemProxy section */
		77438D141B52CBFD00192AFF /* PBXContainerItemProxy */ = {
			isa = PBXContainerItemProxy;
			containerPortal = 77438CF21B52CBFD00192AFF /* Project object */;
			proxyType = 1;
			remoteGlobalIDString = 77438CF91B52CBFD00192AFF;
			remoteInfo = "Favorite Things";
		};
/* End PBXContainerItemProxy section */

/* Begin PBXFileReference section */
		42B9CCDC1B56A0180033CA66 /* LSCHeadView.h */ = {isa = PBXFileReference; fileEncoding = 4; lastKnownFileType = sourcecode.c.h; name = LSCHeadView.h; path = ../View/LSCHeadView.h; sourceTree = "<group>"; };
		42B9CCDD1B56A0180033CA66 /* LSCHeadView.m */ = {isa = PBXFileReference; fileEncoding = 4; lastKnownFileType = sourcecode.c.objc; name = LSCHeadView.m; path = ../View/LSCHeadView.m; sourceTree = "<group>"; };
		42C761DE1B56CF51004D2C96 /* LSCMineToolBar.h */ = {isa = PBXFileReference; fileEncoding = 4; lastKnownFileType = sourcecode.c.h; path = LSCMineToolBar.h; sourceTree = "<group>"; };
		42C761DF1B56CF51004D2C96 /* LSCMineToolBar.m */ = {isa = PBXFileReference; fileEncoding = 4; lastKnownFileType = sourcecode.c.objc; path = LSCMineToolBar.m; sourceTree = "<group>"; };
		42CCBD261B54CCAD00F2367C /* LSCAboutController.m */ = {isa = PBXFileReference; fileEncoding = 4; lastKnownFileType = sourcecode.c.objc; path = LSCAboutController.m; sourceTree = "<group>"; };
		42CCBD271B54CCAD00F2367C /* LSCServiceController.m */ = {isa = PBXFileReference; fileEncoding = 4; lastKnownFileType = sourcecode.c.objc; path = LSCServiceController.m; sourceTree = "<group>"; };
		42CCBD281B54CCAD00F2367C /* LSCSettingController.m */ = {isa = PBXFileReference; fileEncoding = 4; lastKnownFileType = sourcecode.c.objc; path = LSCSettingController.m; sourceTree = "<group>"; };
		42CCBD291B54CCAD00F2367C /* LSCVersionsController.m */ = {isa = PBXFileReference; fileEncoding = 4; lastKnownFileType = sourcecode.c.objc; path = LSCVersionsController.m; sourceTree = "<group>"; };
		42CCBD2E1B54CD9700F2367C /* LSCAboutController.h */ = {isa = PBXFileReference; fileEncoding = 4; lastKnownFileType = sourcecode.c.h; path = LSCAboutController.h; sourceTree = "<group>"; };
		42CCBD2F1B54CE0A00F2367C /* LSCServiceController.h */ = {isa = PBXFileReference; fileEncoding = 4; lastKnownFileType = sourcecode.c.h; path = LSCServiceController.h; sourceTree = "<group>"; };
		42CCBD301B54CE2C00F2367C /* LSCSettingController.h */ = {isa = PBXFileReference; fileEncoding = 4; lastKnownFileType = sourcecode.c.h; path = LSCSettingController.h; sourceTree = "<group>"; };
		42CCBD311B54CE4900F2367C /* LSCVersionsController.h */ = {isa = PBXFileReference; fileEncoding = 4; lastKnownFileType = sourcecode.c.h; path = LSCVersionsController.h; sourceTree = "<group>"; };
		42CCBD331B54CEF200F2367C /* LSCSettingArrowItem.h */ = {isa = PBXFileReference; fileEncoding = 4; lastKnownFileType = sourcecode.c.h; path = LSCSettingArrowItem.h; sourceTree = "<group>"; };
		42CCBD341B54CEF200F2367C /* LSCSettingArrowItem.m */ = {isa = PBXFileReference; fileEncoding = 4; lastKnownFileType = sourcecode.c.objc; path = LSCSettingArrowItem.m; sourceTree = "<group>"; };
		42CCBD351B54CEF200F2367C /* LSCSettingCell.h */ = {isa = PBXFileReference; fileEncoding = 4; lastKnownFileType = sourcecode.c.h; path = LSCSettingCell.h; sourceTree = "<group>"; };
		42CCBD361B54CEF200F2367C /* LSCSettingCell.m */ = {isa = PBXFileReference; fileEncoding = 4; lastKnownFileType = sourcecode.c.objc; path = LSCSettingCell.m; sourceTree = "<group>"; };
		42CCBD371B54CEF200F2367C /* LSCSettingGroup.h */ = {isa = PBXFileReference; fileEncoding = 4; lastKnownFileType = sourcecode.c.h; path = LSCSettingGroup.h; sourceTree = "<group>"; };
		42CCBD381B54CEF200F2367C /* LSCSettingGroup.m */ = {isa = PBXFileReference; fileEncoding = 4; lastKnownFileType = sourcecode.c.objc; path = LSCSettingGroup.m; sourceTree = "<group>"; };
		42CCBD391B54CEF200F2367C /* LSCSettingItem.h */ = {isa = PBXFileReference; fileEncoding = 4; lastKnownFileType = sourcecode.c.h; path = LSCSettingItem.h; sourceTree = "<group>"; };
		42CCBD3A1B54CEF200F2367C /* LSCSettingItem.m */ = {isa = PBXFileReference; fileEncoding = 4; lastKnownFileType = sourcecode.c.objc; path = LSCSettingItem.m; sourceTree = "<group>"; };
		42CCBD3F1B54CFB100F2367C /* LSCBaseTableViewController.h */ = {isa = PBXFileReference; fileEncoding = 4; lastKnownFileType = sourcecode.c.h; path = LSCBaseTableViewController.h; sourceTree = "<group>"; };
		42CCBD401B54CFB100F2367C /* LSCBaseTableViewController.m */ = {isa = PBXFileReference; fileEncoding = 4; lastKnownFileType = sourcecode.c.objc; path = LSCBaseTableViewController.m; sourceTree = "<group>"; };
		770AC3381B54BAFF00D63F05 /* QCProductTagButton.h */ = {isa = PBXFileReference; fileEncoding = 4; lastKnownFileType = sourcecode.c.h; path = QCProductTagButton.h; sourceTree = "<group>"; };
		770AC3391B54BAFF00D63F05 /* QCProductTagButton.m */ = {isa = PBXFileReference; fileEncoding = 4; lastKnownFileType = sourcecode.c.objc; path = QCProductTagButton.m; sourceTree = "<group>"; };
		770AC33E1B54BDCB00D63F05 /* QCNavigationController.h */ = {isa = PBXFileReference; fileEncoding = 4; lastKnownFileType = sourcecode.c.h; path = QCNavigationController.h; sourceTree = "<group>"; };
		770AC33F1B54BDCB00D63F05 /* QCNavigationController.m */ = {isa = PBXFileReference; fileEncoding = 4; lastKnownFileType = sourcecode.c.objc; path = QCNavigationController.m; sourceTree = "<group>"; };
		773F4E811B56426200405107 /* QCThingsShowViewController.h */ = {isa = PBXFileReference; fileEncoding = 4; lastKnownFileType = sourcecode.c.h; path = QCThingsShowViewController.h; sourceTree = "<group>"; };
		773F4E821B56426200405107 /* QCThingsShowViewController.m */ = {isa = PBXFileReference; fileEncoding = 4; lastKnownFileType = sourcecode.c.objc; path = QCThingsShowViewController.m; sourceTree = "<group>"; };
		77438CFA1B52CBFD00192AFF /* Favorite Things.app */ = {isa = PBXFileReference; explicitFileType = wrapper.application; includeInIndex = 0; path = "Favorite Things.app"; sourceTree = BUILT_PRODUCTS_DIR; };
		77438CFE1B52CBFD00192AFF /* Info.plist */ = {isa = PBXFileReference; lastKnownFileType = text.plist.xml; path = Info.plist; sourceTree = "<group>"; };
		77438CFF1B52CBFD00192AFF /* main.m */ = {isa = PBXFileReference; lastKnownFileType = sourcecode.c.objc; path = main.m; sourceTree = "<group>"; };
		77438D0A1B52CBFD00192AFF /* Images.xcassets */ = {isa = PBXFileReference; lastKnownFileType = folder.assetcatalog; path = Images.xcassets; sourceTree = "<group>"; };
		77438D131B52CBFD00192AFF /* Favorite ThingsTests.xctest */ = {isa = PBXFileReference; explicitFileType = wrapper.cfbundle; includeInIndex = 0; path = "Favorite ThingsTests.xctest"; sourceTree = BUILT_PRODUCTS_DIR; };
		77438D181B52CBFD00192AFF /* Info.plist */ = {isa = PBXFileReference; lastKnownFileType = text.plist.xml; path = Info.plist; sourceTree = "<group>"; };
		77438D191B52CBFD00192AFF /* Favorite_ThingsTests.m */ = {isa = PBXFileReference; lastKnownFileType = sourcecode.c.objc; path = Favorite_ThingsTests.m; sourceTree = "<group>"; };
		77438D311B52CEC000192AFF /* AppDelegate.h */ = {isa = PBXFileReference; fileEncoding = 4; lastKnownFileType = sourcecode.c.h; path = AppDelegate.h; sourceTree = "<group>"; };
		77438D321B52CEC000192AFF /* AppDelegate.m */ = {isa = PBXFileReference; fileEncoding = 4; lastKnownFileType = sourcecode.c.objc; path = AppDelegate.m; sourceTree = "<group>"; };
		7767BCD01B53B9CD0004AAE7 /* AFHTTPRequestOperation.h */ = {isa = PBXFileReference; fileEncoding = 4; lastKnownFileType = sourcecode.c.h; path = AFHTTPRequestOperation.h; sourceTree = "<group>"; };
		7767BCD11B53B9CD0004AAE7 /* AFHTTPRequestOperation.m */ = {isa = PBXFileReference; fileEncoding = 4; lastKnownFileType = sourcecode.c.objc; path = AFHTTPRequestOperation.m; sourceTree = "<group>"; };
		7767BCD21B53B9CD0004AAE7 /* AFHTTPRequestOperationManager.h */ = {isa = PBXFileReference; fileEncoding = 4; lastKnownFileType = sourcecode.c.h; path = AFHTTPRequestOperationManager.h; sourceTree = "<group>"; };
		7767BCD31B53B9CD0004AAE7 /* AFHTTPRequestOperationManager.m */ = {isa = PBXFileReference; fileEncoding = 4; lastKnownFileType = sourcecode.c.objc; path = AFHTTPRequestOperationManager.m; sourceTree = "<group>"; };
		7767BCD41B53B9CD0004AAE7 /* AFHTTPSessionManager.h */ = {isa = PBXFileReference; fileEncoding = 4; lastKnownFileType = sourcecode.c.h; path = AFHTTPSessionManager.h; sourceTree = "<group>"; };
		7767BCD51B53B9CD0004AAE7 /* AFHTTPSessionManager.m */ = {isa = PBXFileReference; fileEncoding = 4; lastKnownFileType = sourcecode.c.objc; path = AFHTTPSessionManager.m; sourceTree = "<group>"; };
		7767BCD61B53B9CD0004AAE7 /* AFNetworking.h */ = {isa = PBXFileReference; fileEncoding = 4; lastKnownFileType = sourcecode.c.h; path = AFNetworking.h; sourceTree = "<group>"; };
		7767BCD71B53B9CD0004AAE7 /* AFNetworkReachabilityManager.h */ = {isa = PBXFileReference; fileEncoding = 4; lastKnownFileType = sourcecode.c.h; path = AFNetworkReachabilityManager.h; sourceTree = "<group>"; };
		7767BCD81B53B9CD0004AAE7 /* AFNetworkReachabilityManager.m */ = {isa = PBXFileReference; fileEncoding = 4; lastKnownFileType = sourcecode.c.objc; path = AFNetworkReachabilityManager.m; sourceTree = "<group>"; };
		7767BCD91B53B9CD0004AAE7 /* AFSecurityPolicy.h */ = {isa = PBXFileReference; fileEncoding = 4; lastKnownFileType = sourcecode.c.h; path = AFSecurityPolicy.h; sourceTree = "<group>"; };
		7767BCDA1B53B9CD0004AAE7 /* AFSecurityPolicy.m */ = {isa = PBXFileReference; fileEncoding = 4; lastKnownFileType = sourcecode.c.objc; path = AFSecurityPolicy.m; sourceTree = "<group>"; };
		7767BCDB1B53B9CD0004AAE7 /* AFURLConnectionOperation.h */ = {isa = PBXFileReference; fileEncoding = 4; lastKnownFileType = sourcecode.c.h; path = AFURLConnectionOperation.h; sourceTree = "<group>"; };
		7767BCDC1B53B9CD0004AAE7 /* AFURLConnectionOperation.m */ = {isa = PBXFileReference; fileEncoding = 4; lastKnownFileType = sourcecode.c.objc; path = AFURLConnectionOperation.m; sourceTree = "<group>"; };
		7767BCDD1B53B9CD0004AAE7 /* AFURLRequestSerialization.h */ = {isa = PBXFileReference; fileEncoding = 4; lastKnownFileType = sourcecode.c.h; path = AFURLRequestSerialization.h; sourceTree = "<group>"; };
		7767BCDE1B53B9CD0004AAE7 /* AFURLRequestSerialization.m */ = {isa = PBXFileReference; fileEncoding = 4; lastKnownFileType = sourcecode.c.objc; path = AFURLRequestSerialization.m; sourceTree = "<group>"; };
		7767BCDF1B53B9CD0004AAE7 /* AFURLResponseSerialization.h */ = {isa = PBXFileReference; fileEncoding = 4; lastKnownFileType = sourcecode.c.h; path = AFURLResponseSerialization.h; sourceTree = "<group>"; };
		7767BCE01B53B9CD0004AAE7 /* AFURLResponseSerialization.m */ = {isa = PBXFileReference; fileEncoding = 4; lastKnownFileType = sourcecode.c.objc; path = AFURLResponseSerialization.m; sourceTree = "<group>"; };
		7767BCE11B53B9CD0004AAE7 /* AFURLSessionManager.h */ = {isa = PBXFileReference; fileEncoding = 4; lastKnownFileType = sourcecode.c.h; path = AFURLSessionManager.h; sourceTree = "<group>"; };
		7767BCE21B53B9CD0004AAE7 /* AFURLSessionManager.m */ = {isa = PBXFileReference; fileEncoding = 4; lastKnownFileType = sourcecode.c.objc; path = AFURLSessionManager.m; sourceTree = "<group>"; };
		7767BCEC1B53BAF70004AAE7 /* Foundation+Log.m */ = {isa = PBXFileReference; fileEncoding = 4; lastKnownFileType = sourcecode.c.objc; path = "Foundation+Log.m"; sourceTree = "<group>"; };
		7767BCEE1B53BCF30004AAE7 /* QCProduct.h */ = {isa = PBXFileReference; fileEncoding = 4; lastKnownFileType = sourcecode.c.h; path = QCProduct.h; sourceTree = "<group>"; };
		7767BCEF1B53BCF30004AAE7 /* QCProduct.m */ = {isa = PBXFileReference; fileEncoding = 4; lastKnownFileType = sourcecode.c.objc; path = QCProduct.m; sourceTree = "<group>"; };
		7767BCF11B53BD280004AAE7 /* QCCategories.h */ = {isa = PBXFileReference; fileEncoding = 4; lastKnownFileType = sourcecode.c.h; path = QCCategories.h; sourceTree = "<group>"; };
		7767BCF21B53BD280004AAE7 /* QCCategories.m */ = {isa = PBXFileReference; fileEncoding = 4; lastKnownFileType = sourcecode.c.objc; path = QCCategories.m; sourceTree = "<group>"; };
		7767BCF41B53BD3D0004AAE7 /* QCUploadUser.h */ = {isa = PBXFileReference; fileEncoding = 4; lastKnownFileType = sourcecode.c.h; path = QCUploadUser.h; sourceTree = "<group>"; };
		7767BCF51B53BD3D0004AAE7 /* QCUploadUser.m */ = {isa = PBXFileReference; fileEncoding = 4; lastKnownFileType = sourcecode.c.objc; path = QCUploadUser.m; sourceTree = "<group>"; };
		7767BCF81B53BF0F0004AAE7 /* MJConst.h */ = {isa = PBXFileReference; fileEncoding = 4; lastKnownFileType = sourcecode.c.h; path = MJConst.h; sourceTree = "<group>"; };
		7767BCF91B53BF0F0004AAE7 /* MJConst.m */ = {isa = PBXFileReference; fileEncoding = 4; lastKnownFileType = sourcecode.c.objc; path = MJConst.m; sourceTree = "<group>"; };
		7767BCFA1B53BF0F0004AAE7 /* MJExtension.h */ = {isa = PBXFileReference; fileEncoding = 4; lastKnownFileType = sourcecode.c.h; path = MJExtension.h; sourceTree = "<group>"; };
		7767BCFB1B53BF0F0004AAE7 /* MJFoundation.h */ = {isa = PBXFileReference; fileEncoding = 4; lastKnownFileType = sourcecode.c.h; path = MJFoundation.h; sourceTree = "<group>"; };
		7767BCFC1B53BF0F0004AAE7 /* MJFoundation.m */ = {isa = PBXFileReference; fileEncoding = 4; lastKnownFileType = sourcecode.c.objc; path = MJFoundation.m; sourceTree = "<group>"; };
		7767BCFD1B53BF0F0004AAE7 /* MJProperty.h */ = {isa = PBXFileReference; fileEncoding = 4; lastKnownFileType = sourcecode.c.h; path = MJProperty.h; sourceTree = "<group>"; };
		7767BCFE1B53BF0F0004AAE7 /* MJProperty.m */ = {isa = PBXFileReference; fileEncoding = 4; lastKnownFileType = sourcecode.c.objc; path = MJProperty.m; sourceTree = "<group>"; };
		7767BCFF1B53BF0F0004AAE7 /* MJType.h */ = {isa = PBXFileReference; fileEncoding = 4; lastKnownFileType = sourcecode.c.h; path = MJType.h; sourceTree = "<group>"; };
		7767BD001B53BF0F0004AAE7 /* MJType.m */ = {isa = PBXFileReference; fileEncoding = 4; lastKnownFileType = sourcecode.c.objc; path = MJType.m; sourceTree = "<group>"; };
		7767BD011B53BF0F0004AAE7 /* NSObject+MJCoding.h */ = {isa = PBXFileReference; fileEncoding = 4; lastKnownFileType = sourcecode.c.h; path = "NSObject+MJCoding.h"; sourceTree = "<group>"; };
		7767BD021B53BF0F0004AAE7 /* NSObject+MJCoding.m */ = {isa = PBXFileReference; fileEncoding = 4; lastKnownFileType = sourcecode.c.objc; path = "NSObject+MJCoding.m"; sourceTree = "<group>"; };
		7767BD031B53BF0F0004AAE7 /* NSObject+MJKeyValue.h */ = {isa = PBXFileReference; fileEncoding = 4; lastKnownFileType = sourcecode.c.h; path = "NSObject+MJKeyValue.h"; sourceTree = "<group>"; };
		7767BD041B53BF0F0004AAE7 /* NSObject+MJKeyValue.m */ = {isa = PBXFileReference; fileEncoding = 4; lastKnownFileType = sourcecode.c.objc; path = "NSObject+MJKeyValue.m"; sourceTree = "<group>"; };
		7767BD051B53BF0F0004AAE7 /* NSObject+MJProperty.h */ = {isa = PBXFileReference; fileEncoding = 4; lastKnownFileType = sourcecode.c.h; path = "NSObject+MJProperty.h"; sourceTree = "<group>"; };
		7767BD061B53BF0F0004AAE7 /* NSObject+MJProperty.m */ = {isa = PBXFileReference; fileEncoding = 4; lastKnownFileType = sourcecode.c.objc; path = "NSObject+MJProperty.m"; sourceTree = "<group>"; };
		7767BD071B53BF0F0004AAE7 /* NSString+MJExtension.h */ = {isa = PBXFileReference; fileEncoding = 4; lastKnownFileType = sourcecode.c.h; path = "NSString+MJExtension.h"; sourceTree = "<group>"; };
		7767BD081B53BF0F0004AAE7 /* NSString+MJExtension.m */ = {isa = PBXFileReference; fileEncoding = 4; lastKnownFileType = sourcecode.c.objc; path = "NSString+MJExtension.m"; sourceTree = "<group>"; };
		7767BD111B53BF780004AAE7 /* QCDataModels.h */ = {isa = PBXFileReference; lastKnownFileType = sourcecode.c.h; path = QCDataModels.h; sourceTree = "<group>"; };
		7767BD151B53C40B0004AAE7 /* MKAnnotationView+WebCache.h */ = {isa = PBXFileReference; fileEncoding = 4; lastKnownFileType = sourcecode.c.h; path = "MKAnnotationView+WebCache.h"; sourceTree = "<group>"; };
		7767BD161B53C40B0004AAE7 /* MKAnnotationView+WebCache.m */ = {isa = PBXFileReference; fileEncoding = 4; lastKnownFileType = sourcecode.c.objc; path = "MKAnnotationView+WebCache.m"; sourceTree = "<group>"; };
		7767BD171B53C40B0004AAE7 /* NSData+ImageContentType.h */ = {isa = PBXFileReference; fileEncoding = 4; lastKnownFileType = sourcecode.c.h; path = "NSData+ImageContentType.h"; sourceTree = "<group>"; };
		7767BD181B53C40B0004AAE7 /* NSData+ImageContentType.m */ = {isa = PBXFileReference; fileEncoding = 4; lastKnownFileType = sourcecode.c.objc; path = "NSData+ImageContentType.m"; sourceTree = "<group>"; };
		7767BD191B53C40B0004AAE7 /* SDImageCache.h */ = {isa = PBXFileReference; fileEncoding = 4; lastKnownFileType = sourcecode.c.h; path = SDImageCache.h; sourceTree = "<group>"; };
		7767BD1A1B53C40B0004AAE7 /* SDImageCache.m */ = {isa = PBXFileReference; fileEncoding = 4; lastKnownFileType = sourcecode.c.objc; path = SDImageCache.m; sourceTree = "<group>"; };
		7767BD1B1B53C40B0004AAE7 /* SDWebImageCompat.h */ = {isa = PBXFileReference; fileEncoding = 4; lastKnownFileType = sourcecode.c.h; path = SDWebImageCompat.h; sourceTree = "<group>"; };
		7767BD1C1B53C40B0004AAE7 /* SDWebImageCompat.m */ = {isa = PBXFileReference; fileEncoding = 4; lastKnownFileType = sourcecode.c.objc; path = SDWebImageCompat.m; sourceTree = "<group>"; };
		7767BD1D1B53C40B0004AAE7 /* SDWebImageDecoder.h */ = {isa = PBXFileReference; fileEncoding = 4; lastKnownFileType = sourcecode.c.h; path = SDWebImageDecoder.h; sourceTree = "<group>"; };
		7767BD1E1B53C40B0004AAE7 /* SDWebImageDecoder.m */ = {isa = PBXFileReference; fileEncoding = 4; lastKnownFileType = sourcecode.c.objc; path = SDWebImageDecoder.m; sourceTree = "<group>"; };
		7767BD1F1B53C40B0004AAE7 /* SDWebImageDownloader.h */ = {isa = PBXFileReference; fileEncoding = 4; lastKnownFileType = sourcecode.c.h; path = SDWebImageDownloader.h; sourceTree = "<group>"; };
		7767BD201B53C40B0004AAE7 /* SDWebImageDownloader.m */ = {isa = PBXFileReference; fileEncoding = 4; lastKnownFileType = sourcecode.c.objc; path = SDWebImageDownloader.m; sourceTree = "<group>"; };
		7767BD211B53C40B0004AAE7 /* SDWebImageDownloaderOperation.h */ = {isa = PBXFileReference; fileEncoding = 4; lastKnownFileType = sourcecode.c.h; path = SDWebImageDownloaderOperation.h; sourceTree = "<group>"; };
		7767BD221B53C40B0004AAE7 /* SDWebImageDownloaderOperation.m */ = {isa = PBXFileReference; fileEncoding = 4; lastKnownFileType = sourcecode.c.objc; path = SDWebImageDownloaderOperation.m; sourceTree = "<group>"; };
		7767BD231B53C40B0004AAE7 /* SDWebImageManager.h */ = {isa = PBXFileReference; fileEncoding = 4; lastKnownFileType = sourcecode.c.h; path = SDWebImageManager.h; sourceTree = "<group>"; };
		7767BD241B53C40B0004AAE7 /* SDWebImageManager.m */ = {isa = PBXFileReference; fileEncoding = 4; lastKnownFileType = sourcecode.c.objc; path = SDWebImageManager.m; sourceTree = "<group>"; };
		7767BD251B53C40B0004AAE7 /* SDWebImageOperation.h */ = {isa = PBXFileReference; fileEncoding = 4; lastKnownFileType = sourcecode.c.h; path = SDWebImageOperation.h; sourceTree = "<group>"; };
		7767BD261B53C40B0004AAE7 /* SDWebImagePrefetcher.h */ = {isa = PBXFileReference; fileEncoding = 4; lastKnownFileType = sourcecode.c.h; path = SDWebImagePrefetcher.h; sourceTree = "<group>"; };
		7767BD271B53C40B0004AAE7 /* SDWebImagePrefetcher.m */ = {isa = PBXFileReference; fileEncoding = 4; lastKnownFileType = sourcecode.c.objc; path = SDWebImagePrefetcher.m; sourceTree = "<group>"; };
		7767BD281B53C40B0004AAE7 /* UIButton+WebCache.h */ = {isa = PBXFileReference; fileEncoding = 4; lastKnownFileType = sourcecode.c.h; path = "UIButton+WebCache.h"; sourceTree = "<group>"; };
		7767BD291B53C40B0004AAE7 /* UIButton+WebCache.m */ = {isa = PBXFileReference; fileEncoding = 4; lastKnownFileType = sourcecode.c.objc; path = "UIButton+WebCache.m"; sourceTree = "<group>"; };
		7767BD2A1B53C40B0004AAE7 /* UIImage+GIF.h */ = {isa = PBXFileReference; fileEncoding = 4; lastKnownFileType = sourcecode.c.h; path = "UIImage+GIF.h"; sourceTree = "<group>"; };
		7767BD2B1B53C40B0004AAE7 /* UIImage+GIF.m */ = {isa = PBXFileReference; fileEncoding = 4; lastKnownFileType = sourcecode.c.objc; path = "UIImage+GIF.m"; sourceTree = "<group>"; };
		7767BD2C1B53C40B0004AAE7 /* UIImage+MultiFormat.h */ = {isa = PBXFileReference; fileEncoding = 4; lastKnownFileType = sourcecode.c.h; path = "UIImage+MultiFormat.h"; sourceTree = "<group>"; };
		7767BD2D1B53C40B0004AAE7 /* UIImage+MultiFormat.m */ = {isa = PBXFileReference; fileEncoding = 4; lastKnownFileType = sourcecode.c.objc; path = "UIImage+MultiFormat.m"; sourceTree = "<group>"; };
		7767BD2E1B53C40B0004AAE7 /* UIImage+WebP.h */ = {isa = PBXFileReference; fileEncoding = 4; lastKnownFileType = sourcecode.c.h; path = "UIImage+WebP.h"; sourceTree = "<group>"; };
		7767BD2F1B53C40B0004AAE7 /* UIImage+WebP.m */ = {isa = PBXFileReference; fileEncoding = 4; lastKnownFileType = sourcecode.c.objc; path = "UIImage+WebP.m"; sourceTree = "<group>"; };
		7767BD301B53C40B0004AAE7 /* UIImageView+HighlightedWebCache.h */ = {isa = PBXFileReference; fileEncoding = 4; lastKnownFileType = sourcecode.c.h; path = "UIImageView+HighlightedWebCache.h"; sourceTree = "<group>"; };
		7767BD311B53C40B0004AAE7 /* UIImageView+HighlightedWebCache.m */ = {isa = PBXFileReference; fileEncoding = 4; lastKnownFileType = sourcecode.c.objc; path = "UIImageView+HighlightedWebCache.m"; sourceTree = "<group>"; };
		7767BD321B53C40B0004AAE7 /* UIImageView+WebCache.h */ = {isa = PBXFileReference; fileEncoding = 4; lastKnownFileType = sourcecode.c.h; path = "UIImageView+WebCache.h"; sourceTree = "<group>"; };
		7767BD331B53C40B0004AAE7 /* UIImageView+WebCache.m */ = {isa = PBXFileReference; fileEncoding = 4; lastKnownFileType = sourcecode.c.objc; path = "UIImageView+WebCache.m"; sourceTree = "<group>"; };
		7767BD341B53C40B0004AAE7 /* UIView+WebCacheOperation.h */ = {isa = PBXFileReference; fileEncoding = 4; lastKnownFileType = sourcecode.c.h; path = "UIView+WebCacheOperation.h"; sourceTree = "<group>"; };
		7767BD351B53C40B0004AAE7 /* UIView+WebCacheOperation.m */ = {isa = PBXFileReference; fileEncoding = 4; lastKnownFileType = sourcecode.c.objc; path = "UIView+WebCacheOperation.m"; sourceTree = "<group>"; };
		7795CC301B534040001CB10E /* QCTabBarViewController.h */ = {isa = PBXFileReference; fileEncoding = 4; lastKnownFileType = sourcecode.c.h; path = QCTabBarViewController.h; sourceTree = "<group>"; };
		7795CC311B534040001CB10E /* QCTabBarViewController.m */ = {isa = PBXFileReference; fileEncoding = 4; lastKnownFileType = sourcecode.c.objc; path = QCTabBarViewController.m; sourceTree = "<group>"; };
		7795CC331B5340DD001CB10E /* QCDiscoverViewController.h */ = {isa = PBXFileReference; fileEncoding = 4; lastKnownFileType = sourcecode.c.h; path = QCDiscoverViewController.h; sourceTree = "<group>"; };
		7795CC341B5340DD001CB10E /* QCDiscoverViewController.m */ = {isa = PBXFileReference; fileEncoding = 4; lastKnownFileType = sourcecode.c.objc; path = QCDiscoverViewController.m; sourceTree = "<group>"; };
		7795CC361B534104001CB10E /* QCCategoryViewController.h */ = {isa = PBXFileReference; fileEncoding = 4; lastKnownFileType = sourcecode.c.h; path = QCCategoryViewController.h; sourceTree = "<group>"; };
		7795CC371B534104001CB10E /* QCCategoryViewController.m */ = {isa = PBXFileReference; fileEncoding = 4; lastKnownFileType = sourcecode.c.objc; path = QCCategoryViewController.m; sourceTree = "<group>"; };
		7795CC391B534123001CB10E /* QCUploadViewController.h */ = {isa = PBXFileReference; fileEncoding = 4; lastKnownFileType = sourcecode.c.h; path = QCUploadViewController.h; sourceTree = "<group>"; };
		7795CC3A1B534123001CB10E /* QCUploadViewController.m */ = {isa = PBXFileReference; fileEncoding = 4; lastKnownFileType = sourcecode.c.objc; path = QCUploadViewController.m; sourceTree = "<group>"; };
		7795CC3C1B53413B001CB10E /* QCNotificationViewController.h */ = {isa = PBXFileReference; fileEncoding = 4; lastKnownFileType = sourcecode.c.h; path = QCNotificationViewController.h; sourceTree = "<group>"; };
		7795CC3D1B53413B001CB10E /* QCNotificationViewController.m */ = {isa = PBXFileReference; fileEncoding = 4; lastKnownFileType = sourcecode.c.objc; path = QCNotificationViewController.m; sourceTree = "<group>"; };
		7795CC3F1B534189001CB10E /* QCMineViewController.h */ = {isa = PBXFileReference; fileEncoding = 4; lastKnownFileType = sourcecode.c.h; path = QCMineViewController.h; sourceTree = "<group>"; };
		7795CC401B534189001CB10E /* QCMineViewController.m */ = {isa = PBXFileReference; fileEncoding = 4; lastKnownFileType = sourcecode.c.objc; path = QCMineViewController.m; sourceTree = "<group>"; };
		779E18961B53583D00593A05 /* QCTabBar.h */ = {isa = PBXFileReference; fileEncoding = 4; lastKnownFileType = sourcecode.c.h; path = QCTabBar.h; sourceTree = "<group>"; };
		779E18971B53583D00593A05 /* QCTabBar.m */ = {isa = PBXFileReference; fileEncoding = 4; lastKnownFileType = sourcecode.c.objc; path = QCTabBar.m; sourceTree = "<group>"; };
		779E189A1B5358B300593A05 /* UIView+Extend.h */ = {isa = PBXFileReference; fileEncoding = 4; lastKnownFileType = sourcecode.c.h; path = "UIView+Extend.h"; sourceTree = "<group>"; };
		779E189B1B5358B300593A05 /* UIView+Extend.m */ = {isa = PBXFileReference; fileEncoding = 4; lastKnownFileType = sourcecode.c.objc; path = "UIView+Extend.m"; sourceTree = "<group>"; };
		77A322A71B565DBB002B10A8 /* QCThingsCell.h */ = {isa = PBXFileReference; fileEncoding = 4; lastKnownFileType = sourcecode.c.h; path = QCThingsCell.h; sourceTree = "<group>"; };
		77A322A81B565DBB002B10A8 /* QCThingsCell.m */ = {isa = PBXFileReference; fileEncoding = 4; lastKnownFileType = sourcecode.c.objc; path = QCThingsCell.m; sourceTree = "<group>"; };
		77A322A91B565DBB002B10A8 /* QCThingsCell.xib */ = {isa = PBXFileReference; fileEncoding = 4; lastKnownFileType = file.xib; path = QCThingsCell.xib; sourceTree = "<group>"; };
		77A322AD1B5676EA002B10A8 /* SVIndefiniteAnimatedView.h */ = {isa = PBXFileReference; fileEncoding = 4; lastKnownFileType = sourcecode.c.h; path = SVIndefiniteAnimatedView.h; sourceTree = "<group>"; };
		77A322AE1B5676EA002B10A8 /* SVIndefiniteAnimatedView.m */ = {isa = PBXFileReference; fileEncoding = 4; lastKnownFileType = sourcecode.c.objc; path = SVIndefiniteAnimatedView.m; sourceTree = "<group>"; };
		77A322AF1B5676EA002B10A8 /* SVProgressHUD-Prefix.pch */ = {isa = PBXFileReference; fileEncoding = 4; lastKnownFileType = sourcecode.c.h; path = "SVProgressHUD-Prefix.pch"; sourceTree = "<group>"; };
		77A322B01B5676EA002B10A8 /* SVProgressHUD.bundle */ = {isa = PBXFileReference; lastKnownFileType = "wrapper.plug-in"; path = SVProgressHUD.bundle; sourceTree = "<group>"; };
		77A322B11B5676EA002B10A8 /* SVProgressHUD.h */ = {isa = PBXFileReference; fileEncoding = 4; lastKnownFileType = sourcecode.c.h; path = SVProgressHUD.h; sourceTree = "<group>"; };
		77A322B21B5676EA002B10A8 /* SVProgressHUD.m */ = {isa = PBXFileReference; fileEncoding = 4; lastKnownFileType = sourcecode.c.objc; path = SVProgressHUD.m; sourceTree = "<group>"; };
		77A322B61B5685BD002B10A8 /* product.plist */ = {isa = PBXFileReference; fileEncoding = 4; lastKnownFileType = text.plist.xml; path = product.plist; sourceTree = "<group>"; };
		77A322B91B5697A7002B10A8 /* UINavigationController+FDFullscreenPopGesture.h */ = {isa = PBXFileReference; fileEncoding = 4; lastKnownFileType = sourcecode.c.h; path = "UINavigationController+FDFullscreenPopGesture.h"; sourceTree = "<group>"; };
		77A322BA1B5697A7002B10A8 /* UINavigationController+FDFullscreenPopGesture.m */ = {isa = PBXFileReference; fileEncoding = 4; lastKnownFileType = sourcecode.c.objc; path = "UINavigationController+FDFullscreenPopGesture.m"; sourceTree = "<group>"; };
		77A624871B5759D6002F593F /* QCCategoryCell.h */ = {isa = PBXFileReference; fileEncoding = 4; lastKnownFileType = sourcecode.c.h; path = QCCategoryCell.h; sourceTree = "<group>"; };
		77A624881B5759D6002F593F /* QCCategoryCell.m */ = {isa = PBXFileReference; fileEncoding = 4; lastKnownFileType = sourcecode.c.objc; path = QCCategoryCell.m; sourceTree = "<group>"; };
		77A624891B5759D6002F593F /* QCCategoryCell.xib */ = {isa = PBXFileReference; fileEncoding = 4; lastKnownFileType = file.xib; path = QCCategoryCell.xib; sourceTree = "<group>"; };
		77C2C67A1B5369CC001BC2F3 /* QCProductCell.h */ = {isa = PBXFileReference; fileEncoding = 4; lastKnownFileType = sourcecode.c.h; path = QCProductCell.h; sourceTree = "<group>"; };
		77C2C67B1B5369CC001BC2F3 /* QCProductCell.m */ = {isa = PBXFileReference; fileEncoding = 4; lastKnownFileType = sourcecode.c.objc; path = QCProductCell.m; sourceTree = "<group>"; };
		77C2C67D1B536E23001BC2F3 /* QCProductToolBar.h */ = {isa = PBXFileReference; fileEncoding = 4; lastKnownFileType = sourcecode.c.h; path = QCProductToolBar.h; sourceTree = "<group>"; };
		77C2C67E1B536E23001BC2F3 /* QCProductToolBar.m */ = {isa = PBXFileReference; fileEncoding = 4; lastKnownFileType = sourcecode.c.objc; path = QCProductToolBar.m; sourceTree = "<group>"; };
		77C2C6801B537F36001BC2F3 /* NSString+extend.h */ = {isa = PBXFileReference; fileEncoding = 4; lastKnownFileType = sourcecode.c.h; path = "NSString+extend.h"; sourceTree = "<group>"; };
		77C2C6811B537F36001BC2F3 /* NSString+extend.m */ = {isa = PBXFileReference; fileEncoding = 4; lastKnownFileType = sourcecode.c.objc; path = "NSString+extend.m"; sourceTree = "<group>"; };
		77C2E6F01B551AB1006547BC /* QCProductDescControllerViewController.h */ = {isa = PBXFileReference; fileEncoding = 4; lastKnownFileType = sourcecode.c.h; path = QCProductDescControllerViewController.h; sourceTree = "<group>"; };
		77C2E6F11B551AB1006547BC /* QCProductDescControllerViewController.m */ = {isa = PBXFileReference; fileEncoding = 4; lastKnownFileType = sourcecode.c.objc; path = QCProductDescControllerViewController.m; sourceTree = "<group>"; };
		77F1B5361B5553190004949C /* SecurityStrategy.h */ = {isa = PBXFileReference; fileEncoding = 4; lastKnownFileType = sourcecode.c.h; path = SecurityStrategy.h; sourceTree = "<group>"; };
		77F1B5371B5553190004949C /* SecurityStrategy.m */ = {isa = PBXFileReference; fileEncoding = 4; lastKnownFileType = sourcecode.c.objc; path = SecurityStrategy.m; sourceTree = "<group>"; };
		77F1B5381B5553190004949C /* UIImage+BlurGlass.h */ = {isa = PBXFileReference; fileEncoding = 4; lastKnownFileType = sourcecode.c.h; path = "UIImage+BlurGlass.h"; sourceTree = "<group>"; };
		77F1B5391B5553190004949C /* UIImage+BlurGlass.m */ = {isa = PBXFileReference; fileEncoding = 4; lastKnownFileType = sourcecode.c.objc; path = "UIImage+BlurGlass.m"; sourceTree = "<group>"; };
/* End PBXFileReference section */

/* Begin PBXFrameworksBuildPhase section */
		77438CF71B52CBFD00192AFF /* Frameworks */ = {
			isa = PBXFrameworksBuildPhase;
			buildActionMask = 2147483647;
			files = (
			);
			runOnlyForDeploymentPostprocessing = 0;
		};
		77438D101B52CBFD00192AFF /* Frameworks */ = {
			isa = PBXFrameworksBuildPhase;
			buildActionMask = 2147483647;
			files = (
			);
			runOnlyForDeploymentPostprocessing = 0;
		};
/* End PBXFrameworksBuildPhase section */

/* Begin PBXGroup section */
		42CCBD321B54CEF200F2367C /* View */ = {
			isa = PBXGroup;
			children = (
				42CCBD331B54CEF200F2367C /* LSCSettingArrowItem.h */,
				42CCBD341B54CEF200F2367C /* LSCSettingArrowItem.m */,
				42CCBD351B54CEF200F2367C /* LSCSettingCell.h */,
				42CCBD361B54CEF200F2367C /* LSCSettingCell.m */,
				42CCBD371B54CEF200F2367C /* LSCSettingGroup.h */,
				42CCBD381B54CEF200F2367C /* LSCSettingGroup.m */,
				42CCBD391B54CEF200F2367C /* LSCSettingItem.h */,
				42CCBD3A1B54CEF200F2367C /* LSCSettingItem.m */,
				42C761DE1B56CF51004D2C96 /* LSCMineToolBar.h */,
				42C761DF1B56CF51004D2C96 /* LSCMineToolBar.m */,
			);
			path = View;
			sourceTree = "<group>";
		};
		77438CF11B52CBFD00192AFF = {
			isa = PBXGroup;
			children = (
				77438CFC1B52CBFD00192AFF /* Favorite Things */,
				77438D161B52CBFD00192AFF /* Favorite ThingsTests */,
				77438CFB1B52CBFD00192AFF /* Products */,
			);
			sourceTree = "<group>";
		};
		77438CFB1B52CBFD00192AFF /* Products */ = {
			isa = PBXGroup;
			children = (
				77438CFA1B52CBFD00192AFF /* Favorite Things.app */,
				77438D131B52CBFD00192AFF /* Favorite ThingsTests.xctest */,
			);
			name = Products;
			sourceTree = "<group>";
		};
		77438CFC1B52CBFD00192AFF /* Favorite Things */ = {
			isa = PBXGroup;
			children = (
				77438D231B52CEC000192AFF /* Classes */,
				77438D0A1B52CBFD00192AFF /* Images.xcassets */,
				77438CFD1B52CBFD00192AFF /* Supporting Files */,
			);
			path = "Favorite Things";
			sourceTree = "<group>";
		};
		77438CFD1B52CBFD00192AFF /* Supporting Files */ = {
			isa = PBXGroup;
			children = (
				77A322B61B5685BD002B10A8 /* product.plist */,
				77438CFE1B52CBFD00192AFF /* Info.plist */,
				77438CFF1B52CBFD00192AFF /* main.m */,
			);
			name = "Supporting Files";
			sourceTree = "<group>";
		};
		77438D161B52CBFD00192AFF /* Favorite ThingsTests */ = {
			isa = PBXGroup;
			children = (
				77438D191B52CBFD00192AFF /* Favorite_ThingsTests.m */,
				77438D171B52CBFD00192AFF /* Supporting Files */,
			);
			path = "Favorite ThingsTests";
			sourceTree = "<group>";
		};
		77438D171B52CBFD00192AFF /* Supporting Files */ = {
			isa = PBXGroup;
			children = (
				77438D181B52CBFD00192AFF /* Info.plist */,
			);
			name = "Supporting Files";
			sourceTree = "<group>";
		};
		77438D231B52CEC000192AFF /* Classes */ = {
			isa = PBXGroup;
			children = (
				77438D241B52CEC000192AFF /* Category(分类) */,
				77438D281B52CEC000192AFF /* Discover(发现) */,
				77438D2C1B52CEC000192AFF /* Main(主要) */,
				77438D341B52CEC000192AFF /* Mine(我) */,
				77438D381B52CEC000192AFF /* Notification(通知) */,
				77438D3C1B52CEC000192AFF /* Upload(上传) */,
			);
			path = Classes;
			sourceTree = "<group>";
		};
		77438D241B52CEC000192AFF /* Category(分类) */ = {
			isa = PBXGroup;
			children = (
				77438D251B52CEC000192AFF /* Controller */,
				77438D261B52CEC000192AFF /* Model */,
				77438D271B52CEC000192AFF /* View */,
			);
			path = "Category(分类)";
			sourceTree = "<group>";
		};
		77438D251B52CEC000192AFF /* Controller */ = {
			isa = PBXGroup;
			children = (
				773F4E811B56426200405107 /* QCThingsShowViewController.h */,
				773F4E821B56426200405107 /* QCThingsShowViewController.m */,
				7795CC361B534104001CB10E /* QCCategoryViewController.h */,
				7795CC371B534104001CB10E /* QCCategoryViewController.m */,
			);
			path = Controller;
			sourceTree = "<group>";
		};
		77438D261B52CEC000192AFF /* Model */ = {
			isa = PBXGroup;
			children = (
			);
			path = Model;
			sourceTree = "<group>";
		};
		77438D271B52CEC000192AFF /* View */ = {
			isa = PBXGroup;
			children = (
				77A322A71B565DBB002B10A8 /* QCThingsCell.h */,
				77A322A81B565DBB002B10A8 /* QCThingsCell.m */,
				77A322A91B565DBB002B10A8 /* QCThingsCell.xib */,
				77A624871B5759D6002F593F /* QCCategoryCell.h */,
				77A624881B5759D6002F593F /* QCCategoryCell.m */,
				77A624891B5759D6002F593F /* QCCategoryCell.xib */,
			);
			path = View;
			sourceTree = "<group>";
		};
		77438D281B52CEC000192AFF /* Discover(发现) */ = {
			isa = PBXGroup;
			children = (
				77438D291B52CEC000192AFF /* Controller */,
				77438D2A1B52CEC000192AFF /* Model */,
				77438D2B1B52CEC000192AFF /* View */,
			);
			path = "Discover(发现)";
			sourceTree = "<group>";
		};
		77438D291B52CEC000192AFF /* Controller */ = {
			isa = PBXGroup;
			children = (
				7795CC331B5340DD001CB10E /* QCDiscoverViewController.h */,
				7795CC341B5340DD001CB10E /* QCDiscoverViewController.m */,
				77C2E6F01B551AB1006547BC /* QCProductDescControllerViewController.h */,
				77C2E6F11B551AB1006547BC /* QCProductDescControllerViewController.m */,
			);
			path = Controller;
			sourceTree = "<group>";
		};
		77438D2A1B52CEC000192AFF /* Model */ = {
			isa = PBXGroup;
			children = (
			);
			path = Model;
			sourceTree = "<group>";
		};
		77438D2B1B52CEC000192AFF /* View */ = {
			isa = PBXGroup;
			children = (
				77C2C67A1B5369CC001BC2F3 /* QCProductCell.h */,
				77C2C67B1B5369CC001BC2F3 /* QCProductCell.m */,
				77C2C67D1B536E23001BC2F3 /* QCProductToolBar.h */,
				77C2C67E1B536E23001BC2F3 /* QCProductToolBar.m */,
				770AC3381B54BAFF00D63F05 /* QCProductTagButton.h */,
				770AC3391B54BAFF00D63F05 /* QCProductTagButton.m */,
			);
			path = View;
			sourceTree = "<group>";
		};
		77438D2C1B52CEC000192AFF /* Main(主要) */ = {
			isa = PBXGroup;
			children = (
				7767BCCE1B53B9CD0004AAE7 /* Libary */,
				779E18991B5358AB00593A05 /* Category */,
				77438D2D1B52CEC000192AFF /* Controller */,
				77438D2F1B52CEC000192AFF /* Model */,
				77438D301B52CEC000192AFF /* Other */,
				77438D331B52CEC000192AFF /* View */,
			);
			path = "Main(主要)";
			sourceTree = "<group>";
		};
		77438D2D1B52CEC000192AFF /* Controller */ = {
			isa = PBXGroup;
			children = (
				7795CC301B534040001CB10E /* QCTabBarViewController.h */,
				7795CC311B534040001CB10E /* QCTabBarViewController.m */,
				770AC33E1B54BDCB00D63F05 /* QCNavigationController.h */,
				770AC33F1B54BDCB00D63F05 /* QCNavigationController.m */,
			);
			path = Controller;
			sourceTree = "<group>";
		};
		77438D2F1B52CEC000192AFF /* Model */ = {
			isa = PBXGroup;
			children = (
				7767BCEE1B53BCF30004AAE7 /* QCProduct.h */,
				7767BCEF1B53BCF30004AAE7 /* QCProduct.m */,
				7767BCF11B53BD280004AAE7 /* QCCategories.h */,
				7767BCF21B53BD280004AAE7 /* QCCategories.m */,
				7767BCF41B53BD3D0004AAE7 /* QCUploadUser.h */,
				7767BCF51B53BD3D0004AAE7 /* QCUploadUser.m */,
				7767BD111B53BF780004AAE7 /* QCDataModels.h */,
			);
			path = Model;
			sourceTree = "<group>";
		};
		77438D301B52CEC000192AFF /* Other */ = {
			isa = PBXGroup;
			children = (
				77438D311B52CEC000192AFF /* AppDelegate.h */,
				77438D321B52CEC000192AFF /* AppDelegate.m */,
			);
			path = Other;
			sourceTree = "<group>";
		};
		77438D331B52CEC000192AFF /* View */ = {
			isa = PBXGroup;
			children = (
				779E18961B53583D00593A05 /* QCTabBar.h */,
				779E18971B53583D00593A05 /* QCTabBar.m */,
			);
			path = View;
			sourceTree = "<group>";
		};
		77438D341B52CEC000192AFF /* Mine(我) */ = {
			isa = PBXGroup;
			children = (
				42CCBD321B54CEF200F2367C /* View */,
				77438D351B52CEC000192AFF /* Controller */,
				77438D361B52CEC000192AFF /* Model */,
			);
			path = "Mine(我)";
			sourceTree = "<group>";
		};
		77438D351B52CEC000192AFF /* Controller */ = {
			isa = PBXGroup;
			children = (
				42B9CCDC1B56A0180033CA66 /* LSCHeadView.h */,
				42B9CCDD1B56A0180033CA66 /* LSCHeadView.m */,
				42CCBD3F1B54CFB100F2367C /* LSCBaseTableViewController.h */,
				42CCBD401B54CFB100F2367C /* LSCBaseTableViewController.m */,
				42CCBD2E1B54CD9700F2367C /* LSCAboutController.h */,
				42CCBD261B54CCAD00F2367C /* LSCAboutController.m */,
				42CCBD271B54CCAD00F2367C /* LSCServiceController.m */,
				42CCBD2F1B54CE0A00F2367C /* LSCServiceController.h */,
				42CCBD301B54CE2C00F2367C /* LSCSettingController.h */,
				42CCBD281B54CCAD00F2367C /* LSCSettingController.m */,
				42CCBD311B54CE4900F2367C /* LSCVersionsController.h */,
				42CCBD291B54CCAD00F2367C /* LSCVersionsController.m */,
				7795CC3F1B534189001CB10E /* QCMineViewController.h */,
				7795CC401B534189001CB10E /* QCMineViewController.m */,
			);
			path = Controller;
			sourceTree = "<group>";
		};
		77438D361B52CEC000192AFF /* Model */ = {
			isa = PBXGroup;
			children = (
			);
			path = Model;
			sourceTree = "<group>";
		};
		77438D381B52CEC000192AFF /* Notification(通知) */ = {
			isa = PBXGroup;
			children = (
				77438D391B52CEC000192AFF /* Controller */,
				77438D3A1B52CEC000192AFF /* Model */,
				77438D3B1B52CEC000192AFF /* View */,
			);
			path = "Notification(通知)";
			sourceTree = "<group>";
		};
		77438D391B52CEC000192AFF /* Controller */ = {
			isa = PBXGroup;
			children = (
				7795CC3C1B53413B001CB10E /* QCNotificationViewController.h */,
				7795CC3D1B53413B001CB10E /* QCNotificationViewController.m */,
			);
			path = Controller;
			sourceTree = "<group>";
		};
		77438D3A1B52CEC000192AFF /* Model */ = {
			isa = PBXGroup;
			children = (
			);
			path = Model;
			sourceTree = "<group>";
		};
		77438D3B1B52CEC000192AFF /* View */ = {
			isa = PBXGroup;
			children = (
			);
			path = View;
			sourceTree = "<group>";
		};
		77438D3C1B52CEC000192AFF /* Upload(上传) */ = {
			isa = PBXGroup;
			children = (
				77438D3D1B52CEC000192AFF /* Controller */,
				77438D3E1B52CEC000192AFF /* Model */,
				77438D3F1B52CEC000192AFF /* View */,
			);
			path = "Upload(上传)";
			sourceTree = "<group>";
		};
		77438D3D1B52CEC000192AFF /* Controller */ = {
			isa = PBXGroup;
			children = (
				7795CC391B534123001CB10E /* QCUploadViewController.h */,
				7795CC3A1B534123001CB10E /* QCUploadViewController.m */,
			);
			path = Controller;
			sourceTree = "<group>";
		};
		77438D3E1B52CEC000192AFF /* Model */ = {
			isa = PBXGroup;
			children = (
			);
			path = Model;
			sourceTree = "<group>";
		};
		77438D3F1B52CEC000192AFF /* View */ = {
			isa = PBXGroup;
			children = (
			);
			path = View;
			sourceTree = "<group>";
		};
		7767BCCE1B53B9CD0004AAE7 /* Libary */ = {
			isa = PBXGroup;
			children = (
				77A322B81B5697A7002B10A8 /* FDFullscreenPopGesture */,
				77A322AC1B5676EA002B10A8 /* SVProgressHUD */,
				77F1B5351B5553190004949C /* backBlur */,
				7767BD141B53C40B0004AAE7 /* SDWebImage */,
				7767BCF71B53BF0F0004AAE7 /* MJExtension */,
				7767BCCF1B53B9CD0004AAE7 /* AFNetworking */,
			);
			path = Libary;
			sourceTree = "<group>";
		};
		7767BCCF1B53B9CD0004AAE7 /* AFNetworking */ = {
			isa = PBXGroup;
			children = (
				7767BCD01B53B9CD0004AAE7 /* AFHTTPRequestOperation.h */,
				7767BCD11B53B9CD0004AAE7 /* AFHTTPRequestOperation.m */,
				7767BCD21B53B9CD0004AAE7 /* AFHTTPRequestOperationManager.h */,
				7767BCD31B53B9CD0004AAE7 /* AFHTTPRequestOperationManager.m */,
				7767BCD41B53B9CD0004AAE7 /* AFHTTPSessionManager.h */,
				7767BCD51B53B9CD0004AAE7 /* AFHTTPSessionManager.m */,
				7767BCD61B53B9CD0004AAE7 /* AFNetworking.h */,
				7767BCD71B53B9CD0004AAE7 /* AFNetworkReachabilityManager.h */,
				7767BCD81B53B9CD0004AAE7 /* AFNetworkReachabilityManager.m */,
				7767BCD91B53B9CD0004AAE7 /* AFSecurityPolicy.h */,
				7767BCDA1B53B9CD0004AAE7 /* AFSecurityPolicy.m */,
				7767BCDB1B53B9CD0004AAE7 /* AFURLConnectionOperation.h */,
				7767BCDC1B53B9CD0004AAE7 /* AFURLConnectionOperation.m */,
				7767BCDD1B53B9CD0004AAE7 /* AFURLRequestSerialization.h */,
				7767BCDE1B53B9CD0004AAE7 /* AFURLRequestSerialization.m */,
				7767BCDF1B53B9CD0004AAE7 /* AFURLResponseSerialization.h */,
				7767BCE01B53B9CD0004AAE7 /* AFURLResponseSerialization.m */,
				7767BCE11B53B9CD0004AAE7 /* AFURLSessionManager.h */,
				7767BCE21B53B9CD0004AAE7 /* AFURLSessionManager.m */,
			);
			path = AFNetworking;
			sourceTree = "<group>";
		};
		7767BCF71B53BF0F0004AAE7 /* MJExtension */ = {
			isa = PBXGroup;
			children = (
				7767BCF81B53BF0F0004AAE7 /* MJConst.h */,
				7767BCF91B53BF0F0004AAE7 /* MJConst.m */,
				7767BCFA1B53BF0F0004AAE7 /* MJExtension.h */,
				7767BCFB1B53BF0F0004AAE7 /* MJFoundation.h */,
				7767BCFC1B53BF0F0004AAE7 /* MJFoundation.m */,
				7767BCFD1B53BF0F0004AAE7 /* MJProperty.h */,
				7767BCFE1B53BF0F0004AAE7 /* MJProperty.m */,
				7767BCFF1B53BF0F0004AAE7 /* MJType.h */,
				7767BD001B53BF0F0004AAE7 /* MJType.m */,
				7767BD011B53BF0F0004AAE7 /* NSObject+MJCoding.h */,
				7767BD021B53BF0F0004AAE7 /* NSObject+MJCoding.m */,
				7767BD031B53BF0F0004AAE7 /* NSObject+MJKeyValue.h */,
				7767BD041B53BF0F0004AAE7 /* NSObject+MJKeyValue.m */,
				7767BD051B53BF0F0004AAE7 /* NSObject+MJProperty.h */,
				7767BD061B53BF0F0004AAE7 /* NSObject+MJProperty.m */,
				7767BD071B53BF0F0004AAE7 /* NSString+MJExtension.h */,
				7767BD081B53BF0F0004AAE7 /* NSString+MJExtension.m */,
			);
			path = MJExtension;
			sourceTree = "<group>";
		};
		7767BD141B53C40B0004AAE7 /* SDWebImage */ = {
			isa = PBXGroup;
			children = (
				7767BD151B53C40B0004AAE7 /* MKAnnotationView+WebCache.h */,
				7767BD161B53C40B0004AAE7 /* MKAnnotationView+WebCache.m */,
				7767BD171B53C40B0004AAE7 /* NSData+ImageContentType.h */,
				7767BD181B53C40B0004AAE7 /* NSData+ImageContentType.m */,
				7767BD191B53C40B0004AAE7 /* SDImageCache.h */,
				7767BD1A1B53C40B0004AAE7 /* SDImageCache.m */,
				7767BD1B1B53C40B0004AAE7 /* SDWebImageCompat.h */,
				7767BD1C1B53C40B0004AAE7 /* SDWebImageCompat.m */,
				7767BD1D1B53C40B0004AAE7 /* SDWebImageDecoder.h */,
				7767BD1E1B53C40B0004AAE7 /* SDWebImageDecoder.m */,
				7767BD1F1B53C40B0004AAE7 /* SDWebImageDownloader.h */,
				7767BD201B53C40B0004AAE7 /* SDWebImageDownloader.m */,
				7767BD211B53C40B0004AAE7 /* SDWebImageDownloaderOperation.h */,
				7767BD221B53C40B0004AAE7 /* SDWebImageDownloaderOperation.m */,
				7767BD231B53C40B0004AAE7 /* SDWebImageManager.h */,
				7767BD241B53C40B0004AAE7 /* SDWebImageManager.m */,
				7767BD251B53C40B0004AAE7 /* SDWebImageOperation.h */,
				7767BD261B53C40B0004AAE7 /* SDWebImagePrefetcher.h */,
				7767BD271B53C40B0004AAE7 /* SDWebImagePrefetcher.m */,
				7767BD281B53C40B0004AAE7 /* UIButton+WebCache.h */,
				7767BD291B53C40B0004AAE7 /* UIButton+WebCache.m */,
				7767BD2A1B53C40B0004AAE7 /* UIImage+GIF.h */,
				7767BD2B1B53C40B0004AAE7 /* UIImage+GIF.m */,
				7767BD2C1B53C40B0004AAE7 /* UIImage+MultiFormat.h */,
				7767BD2D1B53C40B0004AAE7 /* UIImage+MultiFormat.m */,
				7767BD2E1B53C40B0004AAE7 /* UIImage+WebP.h */,
				7767BD2F1B53C40B0004AAE7 /* UIImage+WebP.m */,
				7767BD301B53C40B0004AAE7 /* UIImageView+HighlightedWebCache.h */,
				7767BD311B53C40B0004AAE7 /* UIImageView+HighlightedWebCache.m */,
				7767BD321B53C40B0004AAE7 /* UIImageView+WebCache.h */,
				7767BD331B53C40B0004AAE7 /* UIImageView+WebCache.m */,
				7767BD341B53C40B0004AAE7 /* UIView+WebCacheOperation.h */,
				7767BD351B53C40B0004AAE7 /* UIView+WebCacheOperation.m */,
			);
			path = SDWebImage;
			sourceTree = "<group>";
		};
		779E18991B5358AB00593A05 /* Category */ = {
			isa = PBXGroup;
			children = (
				7767BCEC1B53BAF70004AAE7 /* Foundation+Log.m */,
				77C2C6801B537F36001BC2F3 /* NSString+extend.h */,
				77C2C6811B537F36001BC2F3 /* NSString+extend.m */,
				779E189A1B5358B300593A05 /* UIView+Extend.h */,
				779E189B1B5358B300593A05 /* UIView+Extend.m */,
			);
			path = Category;
			sourceTree = "<group>";
		};
		77A322AC1B5676EA002B10A8 /* SVProgressHUD */ = {
			isa = PBXGroup;
			children = (
				77A322AD1B5676EA002B10A8 /* SVIndefiniteAnimatedView.h */,
				77A322AE1B5676EA002B10A8 /* SVIndefiniteAnimatedView.m */,
				77A322AF1B5676EA002B10A8 /* SVProgressHUD-Prefix.pch */,
				77A322B01B5676EA002B10A8 /* SVProgressHUD.bundle */,
				77A322B11B5676EA002B10A8 /* SVProgressHUD.h */,
				77A322B21B5676EA002B10A8 /* SVProgressHUD.m */,
			);
			path = SVProgressHUD;
			sourceTree = "<group>";
		};
		77A322B81B5697A7002B10A8 /* FDFullscreenPopGesture */ = {
			isa = PBXGroup;
			children = (
				77A322B91B5697A7002B10A8 /* UINavigationController+FDFullscreenPopGesture.h */,
				77A322BA1B5697A7002B10A8 /* UINavigationController+FDFullscreenPopGesture.m */,
			);
			path = FDFullscreenPopGesture;
			sourceTree = "<group>";
		};
		77F1B5351B5553190004949C /* backBlur */ = {
			isa = PBXGroup;
			children = (
				77F1B5361B5553190004949C /* SecurityStrategy.h */,
				77F1B5371B5553190004949C /* SecurityStrategy.m */,
				77F1B5381B5553190004949C /* UIImage+BlurGlass.h */,
				77F1B5391B5553190004949C /* UIImage+BlurGlass.m */,
			);
			path = backBlur;
			sourceTree = "<group>";
		};
/* End PBXGroup section */

/* Begin PBXNativeTarget section */
		77438CF91B52CBFD00192AFF /* Favorite Things */ = {
			isa = PBXNativeTarget;
			buildConfigurationList = 77438D1D1B52CBFD00192AFF /* Build configuration list for PBXNativeTarget "Favorite Things" */;
			buildPhases = (
				77438CF61B52CBFD00192AFF /* Sources */,
				77438CF71B52CBFD00192AFF /* Frameworks */,
				77438CF81B52CBFD00192AFF /* Resources */,
			);
			buildRules = (
			);
			dependencies = (
			);
			name = "Favorite Things";
			productName = "Favorite Things";
			productReference = 77438CFA1B52CBFD00192AFF /* Favorite Things.app */;
			productType = "com.apple.product-type.application";
		};
		77438D121B52CBFD00192AFF /* Favorite ThingsTests */ = {
			isa = PBXNativeTarget;
			buildConfigurationList = 77438D201B52CBFD00192AFF /* Build configuration list for PBXNativeTarget "Favorite ThingsTests" */;
			buildPhases = (
				77438D0F1B52CBFD00192AFF /* Sources */,
				77438D101B52CBFD00192AFF /* Frameworks */,
				77438D111B52CBFD00192AFF /* Resources */,
			);
			buildRules = (
			);
			dependencies = (
				77438D151B52CBFD00192AFF /* PBXTargetDependency */,
			);
			name = "Favorite ThingsTests";
			productName = "Favorite ThingsTests";
			productReference = 77438D131B52CBFD00192AFF /* Favorite ThingsTests.xctest */;
			productType = "com.apple.product-type.bundle.unit-test";
		};
/* End PBXNativeTarget section */

/* Begin PBXProject section */
		77438CF21B52CBFD00192AFF /* Project object */ = {
			isa = PBXProject;
			attributes = {
				CLASSPREFIX = LSC;
				LastUpgradeCheck = 0620;
				ORGANIZATIONNAME = "Joe-c";
				TargetAttributes = {
					77438CF91B52CBFD00192AFF = {
						CreatedOnToolsVersion = 6.2;
					};
					77438D121B52CBFD00192AFF = {
						CreatedOnToolsVersion = 6.2;
						TestTargetID = 77438CF91B52CBFD00192AFF;
					};
				};
			};
			buildConfigurationList = 77438CF51B52CBFD00192AFF /* Build configuration list for PBXProject "Favorite Things" */;
			compatibilityVersion = "Xcode 3.2";
			developmentRegion = English;
			hasScannedForEncodings = 0;
			knownRegions = (
				en,
				Base,
			);
			mainGroup = 77438CF11B52CBFD00192AFF;
			productRefGroup = 77438CFB1B52CBFD00192AFF /* Products */;
			projectDirPath = "";
			projectRoot = "";
			targets = (
				77438CF91B52CBFD00192AFF /* Favorite Things */,
				77438D121B52CBFD00192AFF /* Favorite ThingsTests */,
			);
		};
/* End PBXProject section */

/* Begin PBXResourcesBuildPhase section */
		77438CF81B52CBFD00192AFF /* Resources */ = {
			isa = PBXResourcesBuildPhase;
			buildActionMask = 2147483647;
			files = (
				77A322B41B5676EA002B10A8 /* SVProgressHUD.bundle in Resources */,
				77A322AB1B565DBB002B10A8 /* QCThingsCell.xib in Resources */,
				77A322B71B5685BD002B10A8 /* product.plist in Resources */,
				77438D0B1B52CBFD00192AFF /* Images.xcassets in Resources */,
				77A6248B1B5759D6002F593F /* QCCategoryCell.xib in Resources */,
			);
			runOnlyForDeploymentPostprocessing = 0;
		};
		77438D111B52CBFD00192AFF /* Resources */ = {
			isa = PBXResourcesBuildPhase;
			buildActionMask = 2147483647;
			files = (
			);
			runOnlyForDeploymentPostprocessing = 0;
		};
/* End PBXResourcesBuildPhase section */

/* Begin PBXSourcesBuildPhase section */
		77438CF61B52CBFD00192AFF /* Sources */ = {
			isa = PBXSourcesBuildPhase;
			buildActionMask = 2147483647;
			files = (
				7767BCF31B53BD280004AAE7 /* QCCategories.m in Sources */,
				77438D401B52CEC000192AFF /* AppDelegate.m in Sources */,
				7795CC3B1B534123001CB10E /* QCUploadViewController.m in Sources */,
				7767BCE41B53B9CD0004AAE7 /* AFHTTPRequestOperationManager.m in Sources */,
				7795CC381B534104001CB10E /* QCCategoryViewController.m in Sources */,
				42B9CCDE1B56A0180033CA66 /* LSCHeadView.m in Sources */,
				7767BCE81B53B9CD0004AAE7 /* AFURLConnectionOperation.m in Sources */,
				77C2C67C1B5369CC001BC2F3 /* QCProductCell.m in Sources */,
				779E18981B53583D00593A05 /* QCTabBar.m in Sources */,
				7767BCE91B53B9CD0004AAE7 /* AFURLRequestSerialization.m in Sources */,
				77438D001B52CBFD00192AFF /* main.m in Sources */,
				7767BD0B1B53BF0F0004AAE7 /* MJProperty.m in Sources */,
				7767BCE51B53B9CD0004AAE7 /* AFHTTPSessionManager.m in Sources */,
				7767BD451B53C40B0004AAE7 /* UIView+WebCacheOperation.m in Sources */,
				7767BCF61B53BD3D0004AAE7 /* QCUploadUser.m in Sources */,
				7767BD3A1B53C40B0004AAE7 /* SDWebImageDecoder.m in Sources */,
				7767BD0F1B53BF0F0004AAE7 /* NSObject+MJProperty.m in Sources */,
				7767BD3D1B53C40B0004AAE7 /* SDWebImageManager.m in Sources */,
				77A322B51B5676EA002B10A8 /* SVProgressHUD.m in Sources */,
				7767BD101B53BF0F0004AAE7 /* NSString+MJExtension.m in Sources */,
				42CCBD411B54CFB100F2367C /* LSCBaseTableViewController.m in Sources */,
				7767BCE31B53B9CD0004AAE7 /* AFHTTPRequestOperation.m in Sources */,
				7767BD431B53C40B0004AAE7 /* UIImageView+HighlightedWebCache.m in Sources */,
				7767BD401B53C40B0004AAE7 /* UIImage+GIF.m in Sources */,
				7767BCF01B53BCF30004AAE7 /* QCProduct.m in Sources */,
				42CCBD3E1B54CEF200F2367C /* LSCSettingItem.m in Sources */,
				7795CC3E1B53413B001CB10E /* QCNotificationViewController.m in Sources */,
				7767BD381B53C40B0004AAE7 /* SDImageCache.m in Sources */,
				7767BD361B53C40B0004AAE7 /* MKAnnotationView+WebCache.m in Sources */,
				42CCBD3C1B54CEF200F2367C /* LSCSettingCell.m in Sources */,
				7767BD3C1B53C40B0004AAE7 /* SDWebImageDownloaderOperation.m in Sources */,
				7767BD0E1B53BF0F0004AAE7 /* NSObject+MJKeyValue.m in Sources */,
				770AC33A1B54BAFF00D63F05 /* QCProductTagButton.m in Sources */,
				7767BD0C1B53BF0F0004AAE7 /* MJType.m in Sources */,
				7767BD3F1B53C40B0004AAE7 /* UIButton+WebCache.m in Sources */,
				7767BD0A1B53BF0F0004AAE7 /* MJFoundation.m in Sources */,
				7767BD3B1B53C40B0004AAE7 /* SDWebImageDownloader.m in Sources */,
				773F4E831B56426200405107 /* QCThingsShowViewController.m in Sources */,
				42C761E01B56CF51004D2C96 /* LSCMineToolBar.m in Sources */,
				7767BD371B53C40B0004AAE7 /* NSData+ImageContentType.m in Sources */,
				42CCBD2D1B54CCAD00F2367C /* LSCVersionsController.m in Sources */,
				7767BCE71B53B9CD0004AAE7 /* AFSecurityPolicy.m in Sources */,
				77A322BB1B5697A7002B10A8 /* UINavigationController+FDFullscreenPopGesture.m in Sources */,
				7767BD091B53BF0F0004AAE7 /* MJConst.m in Sources */,
				7795CC411B534189001CB10E /* QCMineViewController.m in Sources */,
				77A6248A1B5759D6002F593F /* QCCategoryCell.m in Sources */,
				77A322B31B5676EA002B10A8 /* SVIndefiniteAnimatedView.m in Sources */,
				7767BD421B53C40B0004AAE7 /* UIImage+WebP.m in Sources */,
				77F1B53B1B5553190004949C /* UIImage+BlurGlass.m in Sources */,
				7767BCE61B53B9CD0004AAE7 /* AFNetworkReachabilityManager.m in Sources */,
				7767BD0D1B53BF0F0004AAE7 /* NSObject+MJCoding.m in Sources */,
				77C2E6F21B551AB1006547BC /* QCProductDescControllerViewController.m in Sources */,
				7767BD3E1B53C40B0004AAE7 /* SDWebImagePrefetcher.m in Sources */,
				7767BD411B53C40B0004AAE7 /* UIImage+MultiFormat.m in Sources */,
				42CCBD2C1B54CCAD00F2367C /* LSCSettingController.m in Sources */,
				7767BD391B53C40B0004AAE7 /* SDWebImageCompat.m in Sources */,
				42CCBD3B1B54CEF200F2367C /* LSCSettingArrowItem.m in Sources */,
				42CCBD2B1B54CCAD00F2367C /* LSCServiceController.m in Sources */,
				42CCBD2A1B54CCAD00F2367C /* LSCAboutController.m in Sources */,
				7767BCEB1B53B9CD0004AAE7 /* AFURLSessionManager.m in Sources */,
				7795CC321B534040001CB10E /* QCTabBarViewController.m in Sources */,
				77F1B53A1B5553190004949C /* SecurityStrategy.m in Sources */,
				77C2C6821B537F36001BC2F3 /* NSString+extend.m in Sources */,
				77C2C67F1B536E23001BC2F3 /* QCProductToolBar.m in Sources */,
				779E189C1B5358B300593A05 /* UIView+Extend.m in Sources */,
				42CCBD3D1B54CEF200F2367C /* LSCSettingGroup.m in Sources */,
				7767BCEA1B53B9CD0004AAE7 /* AFURLResponseSerialization.m in Sources */,
				7767BD441B53C40B0004AAE7 /* UIImageView+WebCache.m in Sources */,
				7767BCED1B53BAF70004AAE7 /* Foundation+Log.m in Sources */,
				770AC3401B54BDCB00D63F05 /* QCNavigationController.m in Sources */,
				77A322AA1B565DBB002B10A8 /* QCThingsCell.m in Sources */,
				7795CC351B5340DD001CB10E /* QCDiscoverViewController.m in Sources */,
			);
			runOnlyForDeploymentPostprocessing = 0;
		};
		77438D0F1B52CBFD00192AFF /* Sources */ = {
			isa = PBXSourcesBuildPhase;
			buildActionMask = 2147483647;
			files = (
				77438D1A1B52CBFD00192AFF /* Favorite_ThingsTests.m in Sources */,
			);
			runOnlyForDeploymentPostprocessing = 0;
		};
/* End PBXSourcesBuildPhase section */

/* Begin PBXTargetDependency section */
		77438D151B52CBFD00192AFF /* PBXTargetDependency */ = {
			isa = PBXTargetDependency;
			target = 77438CF91B52CBFD00192AFF /* Favorite Things */;
			targetProxy = 77438D141B52CBFD00192AFF /* PBXContainerItemProxy */;
		};
/* End PBXTargetDependency section */

/* Begin XCBuildConfiguration section */
		77438D1B1B52CBFD00192AFF /* Debug */ = {
			isa = XCBuildConfiguration;
			buildSettings = {
				ALWAYS_SEARCH_USER_PATHS = NO;
				CLANG_CXX_LANGUAGE_STANDARD = "gnu++0x";
				CLANG_CXX_LIBRARY = "libc++";
				CLANG_ENABLE_MODULES = YES;
				CLANG_ENABLE_OBJC_ARC = YES;
				CLANG_WARN_BOOL_CONVERSION = YES;
				CLANG_WARN_CONSTANT_CONVERSION = YES;
				CLANG_WARN_DIRECT_OBJC_ISA_USAGE = YES_ERROR;
				CLANG_WARN_EMPTY_BODY = YES;
				CLANG_WARN_ENUM_CONVERSION = YES;
				CLANG_WARN_INT_CONVERSION = YES;
				CLANG_WARN_OBJC_ROOT_CLASS = YES_ERROR;
				CLANG_WARN_UNREACHABLE_CODE = YES;
				CLANG_WARN__DUPLICATE_METHOD_MATCH = YES;
				"CODE_SIGN_IDENTITY[sdk=iphoneos*]" = "iPhone Developer";
				COPY_PHASE_STRIP = NO;
				ENABLE_STRICT_OBJC_MSGSEND = YES;
				GCC_C_LANGUAGE_STANDARD = gnu99;
				GCC_DYNAMIC_NO_PIC = NO;
				GCC_OPTIMIZATION_LEVEL = 0;
				GCC_PREPROCESSOR_DEFINITIONS = (
					"DEBUG=1",
					"$(inherited)",
				);
				GCC_SYMBOLS_PRIVATE_EXTERN = NO;
				GCC_WARN_64_TO_32_BIT_CONVERSION = YES;
				GCC_WARN_ABOUT_RETURN_TYPE = YES_ERROR;
				GCC_WARN_UNDECLARED_SELECTOR = YES;
				GCC_WARN_UNINITIALIZED_AUTOS = YES_AGGRESSIVE;
				GCC_WARN_UNUSED_FUNCTION = YES;
				GCC_WARN_UNUSED_VARIABLE = YES;
				IPHONEOS_DEPLOYMENT_TARGET = 8.2;
				MTL_ENABLE_DEBUG_INFO = YES;
				ONLY_ACTIVE_ARCH = YES;
				SDKROOT = iphoneos;
			};
			name = Debug;
		};
		77438D1C1B52CBFD00192AFF /* Release */ = {
			isa = XCBuildConfiguration;
			buildSettings = {
				ALWAYS_SEARCH_USER_PATHS = NO;
				CLANG_CXX_LANGUAGE_STANDARD = "gnu++0x";
				CLANG_CXX_LIBRARY = "libc++";
				CLANG_ENABLE_MODULES = YES;
				CLANG_ENABLE_OBJC_ARC = YES;
				CLANG_WARN_BOOL_CONVERSION = YES;
				CLANG_WARN_CONSTANT_CONVERSION = YES;
				CLANG_WARN_DIRECT_OBJC_ISA_USAGE = YES_ERROR;
				CLANG_WARN_EMPTY_BODY = YES;
				CLANG_WARN_ENUM_CONVERSION = YES;
				CLANG_WARN_INT_CONVERSION = YES;
				CLANG_WARN_OBJC_ROOT_CLASS = YES_ERROR;
				CLANG_WARN_UNREACHABLE_CODE = YES;
				CLANG_WARN__DUPLICATE_METHOD_MATCH = YES;
				"CODE_SIGN_IDENTITY[sdk=iphoneos*]" = "iPhone Developer";
				COPY_PHASE_STRIP = NO;
				ENABLE_NS_ASSERTIONS = NO;
				ENABLE_STRICT_OBJC_MSGSEND = YES;
				GCC_C_LANGUAGE_STANDARD = gnu99;
				GCC_WARN_64_TO_32_BIT_CONVERSION = YES;
				GCC_WARN_ABOUT_RETURN_TYPE = YES_ERROR;
				GCC_WARN_UNDECLARED_SELECTOR = YES;
				GCC_WARN_UNINITIALIZED_AUTOS = YES_AGGRESSIVE;
				GCC_WARN_UNUSED_FUNCTION = YES;
				GCC_WARN_UNUSED_VARIABLE = YES;
				IPHONEOS_DEPLOYMENT_TARGET = 8.2;
				MTL_ENABLE_DEBUG_INFO = NO;
				SDKROOT = iphoneos;
				VALIDATE_PRODUCT = YES;
			};
			name = Release;
		};
		77438D1E1B52CBFD00192AFF /* Debug */ = {
			isa = XCBuildConfiguration;
			buildSettings = {
				ASSETCATALOG_COMPILER_APPICON_NAME = AppIcon;
				ASSETCATALOG_COMPILER_LAUNCHIMAGE_NAME = LaunchImage;
				INFOPLIST_FILE = "Favorite Things/Info.plist";
				LD_RUNPATH_SEARCH_PATHS = "$(inherited) @executable_path/Frameworks";
				PRODUCT_NAME = "$(TARGET_NAME)";
			};
			name = Debug;
		};
		77438D1F1B52CBFD00192AFF /* Release */ = {
			isa = XCBuildConfiguration;
			buildSettings = {
				ASSETCATALOG_COMPILER_APPICON_NAME = AppIcon;
				ASSETCATALOG_COMPILER_LAUNCHIMAGE_NAME = LaunchImage;
				INFOPLIST_FILE = "Favorite Things/Info.plist";
				LD_RUNPATH_SEARCH_PATHS = "$(inherited) @executable_path/Frameworks";
				PRODUCT_NAME = "$(TARGET_NAME)";
			};
			name = Release;
		};
		77438D211B52CBFD00192AFF /* Debug */ = {
			isa = XCBuildConfiguration;
			buildSettings = {
				BUNDLE_LOADER = "$(TEST_HOST)";
				FRAMEWORK_SEARCH_PATHS = (
					"$(SDKROOT)/Developer/Library/Frameworks",
					"$(inherited)",
				);
				GCC_PREPROCESSOR_DEFINITIONS = (
					"DEBUG=1",
					"$(inherited)",
				);
				INFOPLIST_FILE = "Favorite ThingsTests/Info.plist";
				LD_RUNPATH_SEARCH_PATHS = "$(inherited) @executable_path/Frameworks @loader_path/Frameworks";
				PRODUCT_NAME = "$(TARGET_NAME)";
				TEST_HOST = "$(BUILT_PRODUCTS_DIR)/Favorite Things.app/Favorite Things";
			};
			name = Debug;
		};
		77438D221B52CBFD00192AFF /* Release */ = {
			isa = XCBuildConfiguration;
			buildSettings = {
				BUNDLE_LOADER = "$(TEST_HOST)";
				FRAMEWORK_SEARCH_PATHS = (
					"$(SDKROOT)/Developer/Library/Frameworks",
					"$(inherited)",
				);
				INFOPLIST_FILE = "Favorite ThingsTests/Info.plist";
				LD_RUNPATH_SEARCH_PATHS = "$(inherited) @executable_path/Frameworks @loader_path/Frameworks";
				PRODUCT_NAME = "$(TARGET_NAME)";
				TEST_HOST = "$(BUILT_PRODUCTS_DIR)/Favorite Things.app/Favorite Things";
			};
			name = Release;
		};
/* End XCBuildConfiguration section */

/* Begin XCConfigurationList section */
		77438CF51B52CBFD00192AFF /* Build configuration list for PBXProject "Favorite Things" */ = {
			isa = XCConfigurationList;
			buildConfigurations = (
				77438D1B1B52CBFD00192AFF /* Debug */,
				77438D1C1B52CBFD00192AFF /* Release */,
			);
			defaultConfigurationIsVisible = 0;
			defaultConfigurationName = Release;
		};
		77438D1D1B52CBFD00192AFF /* Build configuration list for PBXNativeTarget "Favorite Things" */ = {
			isa = XCConfigurationList;
			buildConfigurations = (
				77438D1E1B52CBFD00192AFF /* Debug */,
				77438D1F1B52CBFD00192AFF /* Release */,
			);
			defaultConfigurationIsVisible = 0;
			defaultConfigurationName = Release;
		};
		77438D201B52CBFD00192AFF /* Build configuration list for PBXNativeTarget "Favorite ThingsTests" */ = {
			isa = XCConfigurationList;
			buildConfigurations = (
				77438D211B52CBFD00192AFF /* Debug */,
				77438D221B52CBFD00192AFF /* Release */,
			);
			defaultConfigurationIsVisible = 0;
			defaultConfigurationName = Release;
		};
/* End XCConfigurationList section */
	};
	rootObject = 77438CF21B52CBFD00192AFF /* Project object */;
}
